// !$*UTF8*$!
{
	archiveVersion = 1;
	classes = {
	};
	objectVersion = 50;
	objects = {

/* Begin PBXBuildFile section */
		9000D6A3216CC3E50029EDD1 /* AppDelegate.swift in Sources */ = {isa = PBXBuildFile; fileRef = 9000D6A2216CC3E50029EDD1 /* AppDelegate.swift */; };
		9000D6A5216CC3E60029EDD1 /* Assets.xcassets in Resources */ = {isa = PBXBuildFile; fileRef = 9000D6A4216CC3E60029EDD1 /* Assets.xcassets */; };
		9000D6B3216CC40A0029EDD1 /* DeleteManager.swift in Sources */ = {isa = PBXBuildFile; fileRef = 9000D6B1216CC40A0029EDD1 /* DeleteManager.swift */; };
		9000D6B4216CC40A0029EDD1 /* PathsToFolders.swift in Sources */ = {isa = PBXBuildFile; fileRef = 9000D6B2216CC40A0029EDD1 /* PathsToFolders.swift */; };
		9000D6B7216CC4170029EDD1 /* WindowController.swift in Sources */ = {isa = PBXBuildFile; fileRef = 9000D6B6216CC4170029EDD1 /* WindowController.swift */; };
		9000D6B9216CC4240029EDD1 /* MainMenu.xib in Resources */ = {isa = PBXBuildFile; fileRef = 9000D6B8216CC4240029EDD1 /* MainMenu.xib */; };
/* End PBXBuildFile section */

/* Begin PBXFileReference section */
		9000D69F216CC3E50029EDD1 /* XcodeClean.app */ = {isa = PBXFileReference; explicitFileType = wrapper.application; includeInIndex = 0; path = XcodeClean.app; sourceTree = BUILT_PRODUCTS_DIR; };
		9000D6A2216CC3E50029EDD1 /* AppDelegate.swift */ = {isa = PBXFileReference; lastKnownFileType = sourcecode.swift; path = AppDelegate.swift; sourceTree = "<group>"; };
		9000D6A4216CC3E60029EDD1 /* Assets.xcassets */ = {isa = PBXFileReference; lastKnownFileType = folder.assetcatalog; path = Assets.xcassets; sourceTree = "<group>"; };
		9000D6A9216CC3E60029EDD1 /* Info.plist */ = {isa = PBXFileReference; lastKnownFileType = text.plist.xml; path = Info.plist; sourceTree = "<group>"; };
		9000D6AA216CC3E60029EDD1 /* XcodeClean.entitlements */ = {isa = PBXFileReference; lastKnownFileType = text.plist.entitlements; path = XcodeClean.entitlements; sourceTree = "<group>"; };
		9000D6B1216CC40A0029EDD1 /* DeleteManager.swift */ = {isa = PBXFileReference; fileEncoding = 4; lastKnownFileType = sourcecode.swift; path = DeleteManager.swift; sourceTree = "<group>"; };
		9000D6B2216CC40A0029EDD1 /* PathsToFolders.swift */ = {isa = PBXFileReference; fileEncoding = 4; lastKnownFileType = sourcecode.swift; path = PathsToFolders.swift; sourceTree = "<group>"; };
		9000D6B6216CC4170029EDD1 /* WindowController.swift */ = {isa = PBXFileReference; fileEncoding = 4; lastKnownFileType = sourcecode.swift; path = WindowController.swift; sourceTree = "<group>"; };
		9000D6B8216CC4240029EDD1 /* MainMenu.xib */ = {isa = PBXFileReference; fileEncoding = 4; lastKnownFileType = file.xib; path = MainMenu.xib; sourceTree = "<group>"; };
/* End PBXFileReference section */

/* Begin PBXFrameworksBuildPhase section */
		9000D69C216CC3E50029EDD1 /* Frameworks */ = {
			isa = PBXFrameworksBuildPhase;
			buildActionMask = 2147483647;
			files = (
			);
			runOnlyForDeploymentPostprocessing = 0;
		};
/* End PBXFrameworksBuildPhase section */

/* Begin PBXGroup section */
		9000D696216CC3E50029EDD1 = {
			isa = PBXGroup;
			children = (
				9000D6A1216CC3E50029EDD1 /* XcodeClean */,
				9000D6A0216CC3E50029EDD1 /* Products */,
			);
			sourceTree = "<group>";
		};
		9000D6A0216CC3E50029EDD1 /* Products */ = {
			isa = PBXGroup;
			children = (
				9000D69F216CC3E50029EDD1 /* XcodeClean.app */,
			);
			name = Products;
			sourceTree = "<group>";
		};
		9000D6A1216CC3E50029EDD1 /* XcodeClean */ = {
			isa = PBXGroup;
			children = (
				9000D6B5216CC40F0029EDD1 /* Controller */,
				9000D6B0216CC3FC0029EDD1 /* Model */,
				9000D6A2216CC3E50029EDD1 /* AppDelegate.swift */,
				9000D6B8216CC4240029EDD1 /* MainMenu.xib */,
				9000D6A4216CC3E60029EDD1 /* Assets.xcassets */,
				9000D6A9216CC3E60029EDD1 /* Info.plist */,
				9000D6AA216CC3E60029EDD1 /* XcodeClean.entitlements */,
			);
			path = XcodeClean;
			sourceTree = "<group>";
		};
		9000D6B0216CC3FC0029EDD1 /* Model */ = {
			isa = PBXGroup;
			children = (
				9000D6B2216CC40A0029EDD1 /* PathsToFolders.swift */,
				9000D6B1216CC40A0029EDD1 /* DeleteManager.swift */,
			);
			path = Model;
			sourceTree = "<group>";
		};
		9000D6B5216CC40F0029EDD1 /* Controller */ = {
			isa = PBXGroup;
			children = (
				9000D6B6216CC4170029EDD1 /* WindowController.swift */,
			);
			path = Controller;
			sourceTree = "<group>";
		};
/* End PBXGroup section */

/* Begin PBXNativeTarget section */
		9000D69E216CC3E50029EDD1 /* XcodeClean */ = {
			isa = PBXNativeTarget;
			buildConfigurationList = 9000D6AD216CC3E60029EDD1 /* Build configuration list for PBXNativeTarget "XcodeClean" */;
			buildPhases = (
				9000D69B216CC3E50029EDD1 /* Sources */,
				9000D69C216CC3E50029EDD1 /* Frameworks */,
				9000D69D216CC3E50029EDD1 /* Resources */,
			);
			buildRules = (
			);
			dependencies = (
			);
			name = XcodeClean;
			productName = XcodeClean;
			productReference = 9000D69F216CC3E50029EDD1 /* XcodeClean.app */;
			productType = "com.apple.product-type.application";
		};
/* End PBXNativeTarget section */

/* Begin PBXProject section */
		9000D697216CC3E50029EDD1 /* Project object */ = {
			isa = PBXProject;
			attributes = {
				LastSwiftUpdateCheck = 1000;
				LastUpgradeCheck = 1000;
				ORGANIZATIONNAME = prograils.com;
				TargetAttributes = {
					9000D69E216CC3E50029EDD1 = {
						CreatedOnToolsVersion = 10.0;
						SystemCapabilities = {
							com.apple.Sandbox = {
								enabled = 0;
							};
						};
					};
				};
			};
			buildConfigurationList = 9000D69A216CC3E50029EDD1 /* Build configuration list for PBXProject "XcodeClean" */;
			compatibilityVersion = "Xcode 9.3";
			developmentRegion = en;
			hasScannedForEncodings = 0;
			knownRegions = (
				en,
				Base,
			);
			mainGroup = 9000D696216CC3E50029EDD1;
			productRefGroup = 9000D6A0216CC3E50029EDD1 /* Products */;
			projectDirPath = "";
			projectRoot = "";
			targets = (
				9000D69E216CC3E50029EDD1 /* XcodeClean */,
			);
		};
/* End PBXProject section */

/* Begin PBXResourcesBuildPhase section */
		9000D69D216CC3E50029EDD1 /* Resources */ = {
			isa = PBXResourcesBuildPhase;
			buildActionMask = 2147483647;
			files = (
				9000D6A5216CC3E60029EDD1 /* Assets.xcassets in Resources */,
				9000D6B9216CC4240029EDD1 /* MainMenu.xib in Resources */,
			);
			runOnlyForDeploymentPostprocessing = 0;
		};
/* End PBXResourcesBuildPhase section */

/* Begin PBXSourcesBuildPhase section */
		9000D69B216CC3E50029EDD1 /* Sources */ = {
			isa = PBXSourcesBuildPhase;
			buildActionMask = 2147483647;
			files = (
				9000D6B3216CC40A0029EDD1 /* DeleteManager.swift in Sources */,
				9000D6B7216CC4170029EDD1 /* WindowController.swift in Sources */,
				9000D6B4216CC40A0029EDD1 /* PathsToFolders.swift in Sources */,
				9000D6A3216CC3E50029EDD1 /* AppDelegate.swift in Sources */,
			);
			runOnlyForDeploymentPostprocessing = 0;
		};
/* End PBXSourcesBuildPhase section */

/* Begin XCBuildConfiguration section */
		9000D6AB216CC3E60029EDD1 /* Debug */ = {
			isa = XCBuildConfiguration;
			buildSettings = {
				ALWAYS_SEARCH_USER_PATHS = NO;
				CLANG_ANALYZER_NONNULL = YES;
				CLANG_ANALYZER_NUMBER_OBJECT_CONVERSION = YES_AGGRESSIVE;
				CLANG_CXX_LANGUAGE_STANDARD = "gnu++14";
				CLANG_CXX_LIBRARY = "libc++";
				CLANG_ENABLE_MODULES = YES;
				CLANG_ENABLE_OBJC_ARC = YES;
				CLANG_ENABLE_OBJC_WEAK = YES;
				CLANG_WARN_BLOCK_CAPTURE_AUTORELEASING = YES;
				CLANG_WARN_BOOL_CONVERSION = YES;
				CLANG_WARN_COMMA = YES;
				CLANG_WARN_CONSTANT_CONVERSION = YES;
				CLANG_WARN_DEPRECATED_OBJC_IMPLEMENTATIONS = YES;
				CLANG_WARN_DIRECT_OBJC_ISA_USAGE = YES_ERROR;
				CLANG_WARN_DOCUMENTATION_COMMENTS = YES;
				CLANG_WARN_EMPTY_BODY = YES;
				CLANG_WARN_ENUM_CONVERSION = YES;
				CLANG_WARN_INFINITE_RECURSION = YES;
				CLANG_WARN_INT_CONVERSION = YES;
				CLANG_WARN_NON_LITERAL_NULL_CONVERSION = YES;
				CLANG_WARN_OBJC_IMPLICIT_RETAIN_SELF = YES;
				CLANG_WARN_OBJC_LITERAL_CONVERSION = YES;
				CLANG_WARN_OBJC_ROOT_CLASS = YES_ERROR;
				CLANG_WARN_RANGE_LOOP_ANALYSIS = YES;
				CLANG_WARN_STRICT_PROTOTYPES = YES;
				CLANG_WARN_SUSPICIOUS_MOVE = YES;
				CLANG_WARN_UNGUARDED_AVAILABILITY = YES_AGGRESSIVE;
				CLANG_WARN_UNREACHABLE_CODE = YES;
				CLANG_WARN__DUPLICATE_METHOD_MATCH = YES;
				CODE_SIGN_IDENTITY = "Mac Developer";
				COPY_PHASE_STRIP = NO;
				DEBUG_INFORMATION_FORMAT = dwarf;
				ENABLE_STRICT_OBJC_MSGSEND = YES;
				ENABLE_TESTABILITY = YES;
				GCC_C_LANGUAGE_STANDARD = gnu11;
				GCC_DYNAMIC_NO_PIC = NO;
				GCC_NO_COMMON_BLOCKS = YES;
				GCC_OPTIMIZATION_LEVEL = 0;
				GCC_PREPROCESSOR_DEFINITIONS = (
					"DEBUG=1",
					"$(inherited)",
				);
				GCC_WARN_64_TO_32_BIT_CONVERSION = YES;
				GCC_WARN_ABOUT_RETURN_TYPE = YES_ERROR;
				GCC_WARN_UNDECLARED_SELECTOR = YES;
				GCC_WARN_UNINITIALIZED_AUTOS = YES_AGGRESSIVE;
				GCC_WARN_UNUSED_FUNCTION = YES;
				GCC_WARN_UNUSED_VARIABLE = YES;
				MACOSX_DEPLOYMENT_TARGET = 10.13;
				MTL_ENABLE_DEBUG_INFO = INCLUDE_SOURCE;
				MTL_FAST_MATH = YES;
				ONLY_ACTIVE_ARCH = YES;
				SDKROOT = macosx;
				SWIFT_ACTIVE_COMPILATION_CONDITIONS = DEBUG;
				SWIFT_OPTIMIZATION_LEVEL = "-Onone";
			};
			name = Debug;
		};
		9000D6AC216CC3E60029EDD1 /* Release */ = {
			isa = XCBuildConfiguration;
			buildSettings = {
				ALWAYS_SEARCH_USER_PATHS = NO;
				CLANG_ANALYZER_NONNULL = YES;
				CLANG_ANALYZER_NUMBER_OBJECT_CONVERSION = YES_AGGRESSIVE;
				CLANG_CXX_LANGUAGE_STANDARD = "gnu++14";
				CLANG_CXX_LIBRARY = "libc++";
				CLANG_ENABLE_MODULES = YES;
				CLANG_ENABLE_OBJC_ARC = YES;
				CLANG_ENABLE_OBJC_WEAK = YES;
				CLANG_WARN_BLOCK_CAPTURE_AUTORELEASING = YES;
				CLANG_WARN_BOOL_CONVERSION = YES;
				CLANG_WARN_COMMA = YES;
				CLANG_WARN_CONSTANT_CONVERSION = YES;
				CLANG_WARN_DEPRECATED_OBJC_IMPLEMENTATIONS = YES;
				CLANG_WARN_DIRECT_OBJC_ISA_USAGE = YES_ERROR;
				CLANG_WARN_DOCUMENTATION_COMMENTS = YES;
				CLANG_WARN_EMPTY_BODY = YES;
				CLANG_WARN_ENUM_CONVERSION = YES;
				CLANG_WARN_INFINITE_RECURSION = YES;
				CLANG_WARN_INT_CONVERSION = YES;
				CLANG_WARN_NON_LITERAL_NULL_CONVERSION = YES;
				CLANG_WARN_OBJC_IMPLICIT_RETAIN_SELF = YES;
				CLANG_WARN_OBJC_LITERAL_CONVERSION = YES;
				CLANG_WARN_OBJC_ROOT_CLASS = YES_ERROR;
				CLANG_WARN_RANGE_LOOP_ANALYSIS = YES;
				CLANG_WARN_STRICT_PROTOTYPES = YES;
				CLANG_WARN_SUSPICIOUS_MOVE = YES;
				CLANG_WARN_UNGUARDED_AVAILABILITY = YES_AGGRESSIVE;
				CLANG_WARN_UNREACHABLE_CODE = YES;
				CLANG_WARN__DUPLICATE_METHOD_MATCH = YES;
				CODE_SIGN_IDENTITY = "Mac Developer";
				COPY_PHASE_STRIP = NO;
				DEBUG_INFORMATION_FORMAT = "dwarf-with-dsym";
				ENABLE_NS_ASSERTIONS = NO;
				ENABLE_STRICT_OBJC_MSGSEND = YES;
				GCC_C_LANGUAGE_STANDARD = gnu11;
				GCC_NO_COMMON_BLOCKS = YES;
				GCC_WARN_64_TO_32_BIT_CONVERSION = YES;
				GCC_WARN_ABOUT_RETURN_TYPE = YES_ERROR;
				GCC_WARN_UNDECLARED_SELECTOR = YES;
				GCC_WARN_UNINITIALIZED_AUTOS = YES_AGGRESSIVE;
				GCC_WARN_UNUSED_FUNCTION = YES;
				GCC_WARN_UNUSED_VARIABLE = YES;
				MACOSX_DEPLOYMENT_TARGET = 10.13;
				MTL_ENABLE_DEBUG_INFO = NO;
				MTL_FAST_MATH = YES;
				SDKROOT = macosx;
				SWIFT_COMPILATION_MODE = wholemodule;
				SWIFT_OPTIMIZATION_LEVEL = "-O";
			};
			name = Release;
		};
		9000D6AE216CC3E60029EDD1 /* Debug */ = {
			isa = XCBuildConfiguration;
			buildSettings = {
				ASSETCATALOG_COMPILER_APPICON_NAME = AppIcon;
				CODE_SIGN_IDENTITY = "Mac Developer";
				CODE_SIGN_STYLE = Automatic;
				COMBINE_HIDPI_IMAGES = YES;
				DEVELOPMENT_TEAM = 62SXNK2V32;
				INFOPLIST_FILE = XcodeClean/Info.plist;
				LD_RUNPATH_SEARCH_PATHS = (
					"$(inherited)",
					"@executable_path/../Frameworks",
				);
				PRODUCT_BUNDLE_IDENTIFIER = com.prograils.XcodeClean;
				PRODUCT_NAME = "$(TARGET_NAME)";
				PROVISIONING_PROFILE_SPECIFIER = "";
				SWIFT_VERSION = 4.2;
			};
			name = Debug;
		};
		9000D6AF216CC3E60029EDD1 /* Release */ = {
			isa = XCBuildConfiguration;
			buildSettings = {
				ASSETCATALOG_COMPILER_APPICON_NAME = AppIcon;
				CODE_SIGN_IDENTITY = "Mac Developer";
				CODE_SIGN_STYLE = Automatic;
				COMBINE_HIDPI_IMAGES = YES;
				DEVELOPMENT_TEAM = 62SXNK2V32;
				INFOPLIST_FILE = XcodeClean/Info.plist;
				LD_RUNPATH_SEARCH_PATHS = (
					"$(inherited)",
					"@executable_path/../Frameworks",
				);
				PRODUCT_BUNDLE_IDENTIFIER = com.prograils.XcodeClean;
				PRODUCT_NAME = "$(TARGET_NAME)";
				PROVISIONING_PROFILE_SPECIFIER = "";
				SWIFT_VERSION = 4.2;
			};
			name = Release;
		};
/* End XCBuildConfiguration section */

/* Begin XCConfigurationList section */
		9000D69A216CC3E50029EDD1 /* Build configuration list for PBXProject "XcodeClean" */ = {
			isa = XCConfigurationList;
			buildConfigurations = (
				9000D6AB216CC3E60029EDD1 /* Debug */,
				9000D6AC216CC3E60029EDD1 /* Release */,
			);
			defaultConfigurationIsVisible = 0;
			defaultConfigurationName = Release;
		};
		9000D6AD216CC3E60029EDD1 /* Build configuration list for PBXNativeTarget "XcodeClean" */ = {
			isa = XCConfigurationList;
			buildConfigurations = (
				9000D6AE216CC3E60029EDD1 /* Debug */,
				9000D6AF216CC3E60029EDD1 /* Release */,
			);
			defaultConfigurationIsVisible = 0;
			defaultConfigurationName = Release;
		};
/* End XCConfigurationList section */
	};
	rootObject = 9000D697216CC3E50029EDD1 /* Project object */;
}
